
Microsoft Visual Studio Solution File, Format Version 12.00
# Visual Studio Version 16
VisualStudioVersion = 16.0.30717.126
MinimumVisualStudioVersion = 10.0.40219.1
Project("{2150E333-8FDC-42A3-9474-1A3956D46DE8}") = "Part 01", "Part 01", "{D36E25B3-4899-4221-940A-54F1A569522D}"
EndProject
Project("{2150E333-8FDC-42A3-9474-1A3956D46DE8}") = "Part 02", "Part 02", "{8D2C0C2E-0749-4297-8BF5-0B5BB982E1DD}"
EndProject
Project("{2150E333-8FDC-42A3-9474-1A3956D46DE8}") = "Lesson 01", "Lesson 01", "{EB34D362-E262-44C2-90AD-C6D0696613D2}"
EndProject
Project("{2150E333-8FDC-42A3-9474-1A3956D46DE8}") = "Lesson 02", "Lesson 02", "{CE59883A-9E7B-490D-ACC0-116015133B3F}"
EndProject
Project("{2150E333-8FDC-42A3-9474-1A3956D46DE8}") = "Lesson 01", "Lesson 01", "{320555B9-2630-4B3E-BED6-488DFAD28430}"
EndProject
Project("{FAE04EC0-301F-11D3-BF4B-00C04F79EFBC}") = "Lesson 01", "Part 01\Lesson 01\Lesson 01.csproj", "{AA247056-32DD-4DA6-B454-EBB114FB11E8}"
EndProject
Project("{2150E333-8FDC-42A3-9474-1A3956D46DE8}") = "Lesson 02", "Lesson 02", "{C992ED03-BD0F-4F2D-88AF-E136240A7343}"
EndProject
Project("{FAE04EC0-301F-11D3-BF4B-00C04F79EFBC}") = "Lesson 02 Even Number", "Part 01\Lesson 02 Even Number\Lesson 02 Even Number.csproj", "{A8AA6813-BF66-433F-9F01-79AD046DA5BD}"
EndProject
Project("{FAE04EC0-301F-11D3-BF4B-00C04F79EFBC}") = "Lesson 02 Month", "Part 01\Lesson 02 Month\Lesson 02 Month.csproj", "{0132CA05-B5E3-476F-968A-0FFDE7245E58}"
EndProject
Project("{FAE04EC0-301F-11D3-BF4B-00C04F79EFBC}") = "Lesson 02 Temperature", "Part 01\Lesson 02 Temperature\Lesson 02 Temperature.csproj", "{32FA60DF-2F00-435C-99C1-C13A91CDF433}"
EndProject
Project("{FAE04EC0-301F-11D3-BF4B-00C04F79EFBC}") = "Lesson 02 Weather Outside", "Part 01\Lesson 02 Weather Outside\Lesson 02 Weather Outside.csproj", "{F751CE90-2E61-427E-AF89-D9EB22A58ACC}"
EndProject
Project("{2150E333-8FDC-42A3-9474-1A3956D46DE8}") = "Lesson 03", "Lesson 03", "{200DE803-26F3-430F-908C-30B9F725D81C}"
EndProject
Project("{FAE04EC0-301F-11D3-BF4B-00C04F79EFBC}") = "Lesson 03 Array Diagonal", "Part 01\Lesson 03 Array Diagonal\Lesson 03 Array Diagonal.csproj", "{D0581026-780B-4E06-BB4C-60300DFDF4B7}"
EndProject
Project("{FAE04EC0-301F-11D3-BF4B-00C04F79EFBC}") = "Lesson 03 Backwards", "Part 01\Lesson 03 Backwards\Lesson 03 Backwards.csproj", "{A0478C44-78B3-4E93-BC8D-8A02988007ED}"
EndProject
Project("{FAE04EC0-301F-11D3-BF4B-00C04F79EFBC}") = "Lesson 03 Battleship", "Part 01\Lesson 03 Battleship\Lesson 03 Battleship.csproj", "{64C769F9-039E-49C3-8C33-4E1B942B968F}"
EndProject
Project("{FAE04EC0-301F-11D3-BF4B-00C04F79EFBC}") = "Lesson 03 Phonebook", "Part 01\Lesson 03 Phonebook\Lesson 03 Phonebook.csproj", "{A0EAF5E2-0B3A-4678-817C-233F33C4E636}"
EndProject
Project("{2150E333-8FDC-42A3-9474-1A3956D46DE8}") = "Lesson 04", "Lesson 04", "{7014BFD6-FCBA-4745-AD98-62141426FAA7}"
EndProject
Project("{FAE04EC0-301F-11D3-BF4B-00C04F79EFBC}") = "Lesson 04 Fibonacci", "Part 01\Lesson 04 Fibonacci\Lesson 04 Fibonacci.csproj", "{5DBDF6D0-91F4-4CE3-82CA-203ED0F846C8}"
EndProject
Project("{FAE04EC0-301F-11D3-BF4B-00C04F79EFBC}") = "Lesson 04 Name Season", "Part 01\Lesson 04 Name Season\Lesson 04 Name Season.csproj", "{4588179A-7E9C-46B4-B296-1980BFF2ECB7}"
EndProject
Project("{FAE04EC0-301F-11D3-BF4B-00C04F79EFBC}") = "Lesson 04 Return Concat FIO", "Part 01\Lesson 04 Return Concat FIO\Lesson 04 Return Concat FIO.csproj", "{15EC2A5C-3C41-42B5-A889-836A58120895}"
EndProject
Project("{FAE04EC0-301F-11D3-BF4B-00C04F79EFBC}") = "Lesson 04 Sum Numbers", "Part 01\Lesson 04 Sum Numbers\Lesson 04 Sum Numbers.csproj", "{7BDBA68E-DA14-45EF-BF99-A4FC8EA3AF1C}"
EndProject
Project("{2150E333-8FDC-42A3-9474-1A3956D46DE8}") = "Lesson 05", "Lesson 05", "{7CF4DB72-0620-4706-A7B1-DEAFBC3C3C8E}"
EndProject
Project("{FAE04EC0-301F-11D3-BF4B-00C04F79EFBC}") = "Lesson 05 Any Text To File", "Part 01\Lesson 05 Any Text To File\Lesson 05 Any Text To File.csproj", "{8D5D7637-C333-4E4B-9F12-AAC2409403C6}"
EndProject
Project("{FAE04EC0-301F-11D3-BF4B-00C04F79EFBC}") = "Lesson 05 Numbers To Binary File", "Part 01\Lesson 05 Numbers To Binary File\Lesson 05 Numbers To Binary File.csproj", "{7B5E0D6E-0775-46F4-8705-E086A78AC2C1}"
EndProject
Project("{FAE04EC0-301F-11D3-BF4B-00C04F79EFBC}") = "Lesson 05 StartUp", "Part 01\Lesson 05 StartUp\Lesson 05 StartUp.csproj", "{1726A73E-C7EA-47EE-9A12-88CACBB3FD9B}"
EndProject
Project("{FAE04EC0-301F-11D3-BF4B-00C04F79EFBC}") = "Lesson 05 ToDo List", "Part 01\Lesson 05 ToDo List\Lesson 05 ToDo List.csproj", "{143A8E00-F993-41E3-8CC4-F61F285393A3}"
EndProject
Project("{FAE04EC0-301F-11D3-BF4B-00C04F79EFBC}") = "Lesson 05 Tree Directory Save", "Part 01\Lesson 05 Tree Directory Save\Lesson 05 Tree Directory Save.csproj", "{06C6F7DA-18FC-452E-BFC2-DE962ACD810D}"
EndProject
Project("{2150E333-8FDC-42A3-9474-1A3956D46DE8}") = "Lesson 06", "Lesson 06", "{BC7C9D32-29B2-495B-B71E-A217835F2446}"
EndProject
Project("{FAE04EC0-301F-11D3-BF4B-00C04F79EFBC}") = "Lesson 06 Task Manager", "Part 01\Lesson 06 Task Manager\Lesson 06 Task Manager.csproj", "{A7CF19E1-E56A-408C-8CEE-2E1FB693DB2C}"
EndProject
Project("{2150E333-8FDC-42A3-9474-1A3956D46DE8}") = "Lesson 07", "Lesson 07", "{39F90289-FE5A-449C-9C8D-8B1F85965B34}"
EndProject
Project("{FAE04EC0-301F-11D3-BF4B-00C04F79EFBC}") = "Lesson 07 Game", "Part 01\Lesson 07 Game\Lesson 07 Game.csproj", "{5AACC201-72C6-471E-A4DA-0A98EEEEDB13}"
EndProject
Project("{2150E333-8FDC-42A3-9474-1A3956D46DE8}") = "Lesson 08", "Lesson 08", "{D2A06741-E64A-4390-AF7F-F5EC82E1007F}"
EndProject
Project("{FAE04EC0-301F-11D3-BF4B-00C04F79EFBC}") = "Lesson 08 Settings", "Part 01\Lesson 08 Settings\Lesson 08 Settings.csproj", "{733C4B79-6414-4CF8-9E3D-5F8AA6391753}"
EndProject
Project("{2150E333-8FDC-42A3-9474-1A3956D46DE8}") = "Lesson 03", "Lesson 03", "{3E240E09-5983-44D3-A251-AF2AB20BB135}"
EndProject
Project("{2150E333-8FDC-42A3-9474-1A3956D46DE8}") = "Lesson04", "Lesson04", "{448F3706-EDBC-4B58-AC69-8F13F13D9D87}"
EndProject
Project("{2150E333-8FDC-42A3-9474-1A3956D46DE8}") = "Lesson05", "Lesson05", "{AB057292-5AAB-4F80-9D29-9F858456849A}"
EndProject
Project("{2150E333-8FDC-42A3-9474-1A3956D46DE8}") = "Lesson06", "Lesson06", "{66474115-68DB-4083-A0EC-32698377C530}"
EndProject
Project("{2150E333-8FDC-42A3-9474-1A3956D46DE8}") = "Lesson07", "Lesson07", "{25737976-5AFD-491C-B06F-C5A8B008870D}"
EndProject
Project("{2150E333-8FDC-42A3-9474-1A3956D46DE8}") = "Lesson08", "Lesson08", "{EF682F99-5AF3-49BC-8D98-C237817457B2}"
EndProject
Project("{FAE04EC0-301F-11D3-BF4B-00C04F79EFBC}") = "Lesson 01 Fibonacci Not Recursive", "Part 02\Lesson 01 Fibonacci Not Recursive\Lesson 01 Fibonacci Not Recursive.csproj", "{BD56A559-F50F-4B9F-ABF3-00CA0087F547}"
EndProject
Project("{FAE04EC0-301F-11D3-BF4B-00C04F79EFBC}") = "Lesson 01 Fibonacci Recursive", "Part 02\Lesson 01 Fibonacci Recursive\Lesson 01 Fibonacci Recursive.csproj", "{8C9F090C-5C57-4DE1-B82F-6867CAAFAAF2}"
EndProject
Project("{FAE04EC0-301F-11D3-BF4B-00C04F79EFBC}") = "Lesson 01 Flowchart", "Part 02\Lesson 01 Flowchart\Lesson 01 Flowchart.csproj", "{FB01C4C3-4497-4B2A-9FD3-BBE6866D7F94}"
EndProject
Project("{FAE04EC0-301F-11D3-BF4B-00C04F79EFBC}") = "Lesson 02 Doubly linked list", "Part 02\Lesson 02 Doubly linked list\Lesson 02 Doubly linked list.csproj", "{319171CD-7D2C-4D6E-9B35-E9DCFC30AA07}"
EndProject
Project("{9A19103F-16F7-4668-BE54-9A1E7A4F7556}") = "Lesson 03 Distance Calc Perfomance", "Part 02\Lesson 03 Distance Calc Perfomance\Lesson 03 Distance Calc Perfomance.csproj", "{F2CB74C2-8391-46D9-9FF9-7659FD2E46DC}"
EndProject
Project("{FAE04EC0-301F-11D3-BF4B-00C04F79EFBC}") = "Lesson 04 Binary Tree", "Part 02\Lesson 04 Binary Tree\Lesson 04 Binary Tree.csproj", "{D6DFA6AA-9372-4C1A-A422-4AAD96D05993}"
EndProject
Project("{FAE04EC0-301F-11D3-BF4B-00C04F79EFBC}") = "Lesson 05 Binary Tree BFS DFS", "Part 02\Lesson 05 Binary Tree BFS DFS\Lesson 05 Binary Tree BFS DFS.csproj", "{015E0E9C-96FC-4D40-811B-0024A47F096B}"
EndProject
Project("{FAE04EC0-301F-11D3-BF4B-00C04F79EFBC}") = "Lesson 06 Graph BFS DFS", "Part 02\Lesson 06 Graph BFS DFS\Lesson 06 Graph BFS DFS.csproj", "{6BE2A05D-23F9-4044-99B4-1350A3077DBB}"
EndProject
Project("{FAE04EC0-301F-11D3-BF4B-00C04F79EFBC}") = "Lesson 07 CalcVariant", "Part 02\Lesson 07 CalcVariant\Lesson 07 CalcVariant.csproj", "{ECC30666-6F9C-411E-93FC-243030E1E108}"
EndProject
Project("{FAE04EC0-301F-11D3-BF4B-00C04F79EFBC}") = "Lesson 08 BucketSort and ExternalSort", "Part 02\Lesson 08 BucketSort and ExternalSort\Lesson 08 BucketSort and ExternalSort.csproj", "{4CB000CF-8D14-4EDA-B353-31ADE8993C8A}"
EndProject
Project("{2150E333-8FDC-42A3-9474-1A3956D46DE8}") = "Part 03", "Part 03", "{20B87203-CF72-478F-9E87-EDA1BF04D8DA}"
EndProject
Project("{FAE04EC0-301F-11D3-BF4B-00C04F79EFBC}") = "Lesson 04 Search in HashSet and Array", "Part 02\Lesson 04 Search in HashSet and Array\Lesson 04 Search in HashSet and Array.csproj", "{82C3DA03-1BDD-4336-9773-2F44C2E500ED}"
EndProject
Global
	GlobalSection(SolutionConfigurationPlatforms) = preSolution
		Debug|Any CPU = Debug|Any CPU
		Release|Any CPU = Release|Any CPU
	EndGlobalSection
	GlobalSection(ProjectConfigurationPlatforms) = postSolution
		{AA247056-32DD-4DA6-B454-EBB114FB11E8}.Debug|Any CPU.ActiveCfg = Debug|Any CPU
		{AA247056-32DD-4DA6-B454-EBB114FB11E8}.Debug|Any CPU.Build.0 = Debug|Any CPU
		{AA247056-32DD-4DA6-B454-EBB114FB11E8}.Release|Any CPU.ActiveCfg = Release|Any CPU
		{AA247056-32DD-4DA6-B454-EBB114FB11E8}.Release|Any CPU.Build.0 = Release|Any CPU
		{A8AA6813-BF66-433F-9F01-79AD046DA5BD}.Debug|Any CPU.ActiveCfg = Debug|Any CPU
		{A8AA6813-BF66-433F-9F01-79AD046DA5BD}.Debug|Any CPU.Build.0 = Debug|Any CPU
		{A8AA6813-BF66-433F-9F01-79AD046DA5BD}.Release|Any CPU.ActiveCfg = Release|Any CPU
		{A8AA6813-BF66-433F-9F01-79AD046DA5BD}.Release|Any CPU.Build.0 = Release|Any CPU
		{0132CA05-B5E3-476F-968A-0FFDE7245E58}.Debug|Any CPU.ActiveCfg = Debug|Any CPU
		{0132CA05-B5E3-476F-968A-0FFDE7245E58}.Debug|Any CPU.Build.0 = Debug|Any CPU
		{0132CA05-B5E3-476F-968A-0FFDE7245E58}.Release|Any CPU.ActiveCfg = Release|Any CPU
		{0132CA05-B5E3-476F-968A-0FFDE7245E58}.Release|Any CPU.Build.0 = Release|Any CPU
		{32FA60DF-2F00-435C-99C1-C13A91CDF433}.Debug|Any CPU.ActiveCfg = Debug|Any CPU
		{32FA60DF-2F00-435C-99C1-C13A91CDF433}.Debug|Any CPU.Build.0 = Debug|Any CPU
		{32FA60DF-2F00-435C-99C1-C13A91CDF433}.Release|Any CPU.ActiveCfg = Release|Any CPU
		{32FA60DF-2F00-435C-99C1-C13A91CDF433}.Release|Any CPU.Build.0 = Release|Any CPU
		{F751CE90-2E61-427E-AF89-D9EB22A58ACC}.Debug|Any CPU.ActiveCfg = Debug|Any CPU
		{F751CE90-2E61-427E-AF89-D9EB22A58ACC}.Debug|Any CPU.Build.0 = Debug|Any CPU
		{F751CE90-2E61-427E-AF89-D9EB22A58ACC}.Release|Any CPU.ActiveCfg = Release|Any CPU
		{F751CE90-2E61-427E-AF89-D9EB22A58ACC}.Release|Any CPU.Build.0 = Release|Any CPU
		{D0581026-780B-4E06-BB4C-60300DFDF4B7}.Debug|Any CPU.ActiveCfg = Debug|Any CPU
		{D0581026-780B-4E06-BB4C-60300DFDF4B7}.Debug|Any CPU.Build.0 = Debug|Any CPU
		{D0581026-780B-4E06-BB4C-60300DFDF4B7}.Release|Any CPU.ActiveCfg = Release|Any CPU
		{D0581026-780B-4E06-BB4C-60300DFDF4B7}.Release|Any CPU.Build.0 = Release|Any CPU
		{A0478C44-78B3-4E93-BC8D-8A02988007ED}.Debug|Any CPU.ActiveCfg = Debug|Any CPU
		{A0478C44-78B3-4E93-BC8D-8A02988007ED}.Debug|Any CPU.Build.0 = Debug|Any CPU
		{A0478C44-78B3-4E93-BC8D-8A02988007ED}.Release|Any CPU.ActiveCfg = Release|Any CPU
		{A0478C44-78B3-4E93-BC8D-8A02988007ED}.Release|Any CPU.Build.0 = Release|Any CPU
		{64C769F9-039E-49C3-8C33-4E1B942B968F}.Debug|Any CPU.ActiveCfg = Debug|Any CPU
		{64C769F9-039E-49C3-8C33-4E1B942B968F}.Debug|Any CPU.Build.0 = Debug|Any CPU
		{64C769F9-039E-49C3-8C33-4E1B942B968F}.Release|Any CPU.ActiveCfg = Release|Any CPU
		{64C769F9-039E-49C3-8C33-4E1B942B968F}.Release|Any CPU.Build.0 = Release|Any CPU
		{A0EAF5E2-0B3A-4678-817C-233F33C4E636}.Debug|Any CPU.ActiveCfg = Debug|Any CPU
		{A0EAF5E2-0B3A-4678-817C-233F33C4E636}.Debug|Any CPU.Build.0 = Debug|Any CPU
		{A0EAF5E2-0B3A-4678-817C-233F33C4E636}.Release|Any CPU.ActiveCfg = Release|Any CPU
		{A0EAF5E2-0B3A-4678-817C-233F33C4E636}.Release|Any CPU.Build.0 = Release|Any CPU
		{5DBDF6D0-91F4-4CE3-82CA-203ED0F846C8}.Debug|Any CPU.ActiveCfg = Debug|Any CPU
		{5DBDF6D0-91F4-4CE3-82CA-203ED0F846C8}.Debug|Any CPU.Build.0 = Debug|Any CPU
		{5DBDF6D0-91F4-4CE3-82CA-203ED0F846C8}.Release|Any CPU.ActiveCfg = Release|Any CPU
		{5DBDF6D0-91F4-4CE3-82CA-203ED0F846C8}.Release|Any CPU.Build.0 = Release|Any CPU
		{4588179A-7E9C-46B4-B296-1980BFF2ECB7}.Debug|Any CPU.ActiveCfg = Debug|Any CPU
		{4588179A-7E9C-46B4-B296-1980BFF2ECB7}.Debug|Any CPU.Build.0 = Debug|Any CPU
		{4588179A-7E9C-46B4-B296-1980BFF2ECB7}.Release|Any CPU.ActiveCfg = Release|Any CPU
		{4588179A-7E9C-46B4-B296-1980BFF2ECB7}.Release|Any CPU.Build.0 = Release|Any CPU
		{15EC2A5C-3C41-42B5-A889-836A58120895}.Debug|Any CPU.ActiveCfg = Debug|Any CPU
		{15EC2A5C-3C41-42B5-A889-836A58120895}.Debug|Any CPU.Build.0 = Debug|Any CPU
		{15EC2A5C-3C41-42B5-A889-836A58120895}.Release|Any CPU.ActiveCfg = Release|Any CPU
		{15EC2A5C-3C41-42B5-A889-836A58120895}.Release|Any CPU.Build.0 = Release|Any CPU
		{7BDBA68E-DA14-45EF-BF99-A4FC8EA3AF1C}.Debug|Any CPU.ActiveCfg = Debug|Any CPU
		{7BDBA68E-DA14-45EF-BF99-A4FC8EA3AF1C}.Debug|Any CPU.Build.0 = Debug|Any CPU
		{7BDBA68E-DA14-45EF-BF99-A4FC8EA3AF1C}.Release|Any CPU.ActiveCfg = Release|Any CPU
		{7BDBA68E-DA14-45EF-BF99-A4FC8EA3AF1C}.Release|Any CPU.Build.0 = Release|Any CPU
		{8D5D7637-C333-4E4B-9F12-AAC2409403C6}.Debug|Any CPU.ActiveCfg = Debug|Any CPU
		{8D5D7637-C333-4E4B-9F12-AAC2409403C6}.Debug|Any CPU.Build.0 = Debug|Any CPU
		{8D5D7637-C333-4E4B-9F12-AAC2409403C6}.Release|Any CPU.ActiveCfg = Release|Any CPU
		{8D5D7637-C333-4E4B-9F12-AAC2409403C6}.Release|Any CPU.Build.0 = Release|Any CPU
		{7B5E0D6E-0775-46F4-8705-E086A78AC2C1}.Debug|Any CPU.ActiveCfg = Debug|Any CPU
		{7B5E0D6E-0775-46F4-8705-E086A78AC2C1}.Debug|Any CPU.Build.0 = Debug|Any CPU
		{7B5E0D6E-0775-46F4-8705-E086A78AC2C1}.Release|Any CPU.ActiveCfg = Release|Any CPU
		{7B5E0D6E-0775-46F4-8705-E086A78AC2C1}.Release|Any CPU.Build.0 = Release|Any CPU
		{1726A73E-C7EA-47EE-9A12-88CACBB3FD9B}.Debug|Any CPU.ActiveCfg = Debug|Any CPU
		{1726A73E-C7EA-47EE-9A12-88CACBB3FD9B}.Debug|Any CPU.Build.0 = Debug|Any CPU
		{1726A73E-C7EA-47EE-9A12-88CACBB3FD9B}.Release|Any CPU.ActiveCfg = Release|Any CPU
		{1726A73E-C7EA-47EE-9A12-88CACBB3FD9B}.Release|Any CPU.Build.0 = Release|Any CPU
		{143A8E00-F993-41E3-8CC4-F61F285393A3}.Debug|Any CPU.ActiveCfg = Debug|Any CPU
		{143A8E00-F993-41E3-8CC4-F61F285393A3}.Debug|Any CPU.Build.0 = Debug|Any CPU
		{143A8E00-F993-41E3-8CC4-F61F285393A3}.Release|Any CPU.ActiveCfg = Release|Any CPU
		{143A8E00-F993-41E3-8CC4-F61F285393A3}.Release|Any CPU.Build.0 = Release|Any CPU
		{06C6F7DA-18FC-452E-BFC2-DE962ACD810D}.Debug|Any CPU.ActiveCfg = Debug|Any CPU
		{06C6F7DA-18FC-452E-BFC2-DE962ACD810D}.Debug|Any CPU.Build.0 = Debug|Any CPU
		{06C6F7DA-18FC-452E-BFC2-DE962ACD810D}.Release|Any CPU.ActiveCfg = Release|Any CPU
		{06C6F7DA-18FC-452E-BFC2-DE962ACD810D}.Release|Any CPU.Build.0 = Release|Any CPU
		{A7CF19E1-E56A-408C-8CEE-2E1FB693DB2C}.Debug|Any CPU.ActiveCfg = Debug|Any CPU
		{A7CF19E1-E56A-408C-8CEE-2E1FB693DB2C}.Debug|Any CPU.Build.0 = Debug|Any CPU
		{A7CF19E1-E56A-408C-8CEE-2E1FB693DB2C}.Release|Any CPU.ActiveCfg = Release|Any CPU
		{A7CF19E1-E56A-408C-8CEE-2E1FB693DB2C}.Release|Any CPU.Build.0 = Release|Any CPU
		{5AACC201-72C6-471E-A4DA-0A98EEEEDB13}.Debug|Any CPU.ActiveCfg = Debug|Any CPU
		{5AACC201-72C6-471E-A4DA-0A98EEEEDB13}.Debug|Any CPU.Build.0 = Debug|Any CPU
		{5AACC201-72C6-471E-A4DA-0A98EEEEDB13}.Release|Any CPU.ActiveCfg = Release|Any CPU
		{5AACC201-72C6-471E-A4DA-0A98EEEEDB13}.Release|Any CPU.Build.0 = Release|Any CPU
		{733C4B79-6414-4CF8-9E3D-5F8AA6391753}.Debug|Any CPU.ActiveCfg = Debug|Any CPU
		{733C4B79-6414-4CF8-9E3D-5F8AA6391753}.Debug|Any CPU.Build.0 = Debug|Any CPU
		{733C4B79-6414-4CF8-9E3D-5F8AA6391753}.Release|Any CPU.ActiveCfg = Release|Any CPU
		{733C4B79-6414-4CF8-9E3D-5F8AA6391753}.Release|Any CPU.Build.0 = Release|Any CPU
		{BD56A559-F50F-4B9F-ABF3-00CA0087F547}.Debug|Any CPU.ActiveCfg = Debug|Any CPU
		{BD56A559-F50F-4B9F-ABF3-00CA0087F547}.Debug|Any CPU.Build.0 = Debug|Any CPU
		{BD56A559-F50F-4B9F-ABF3-00CA0087F547}.Release|Any CPU.ActiveCfg = Release|Any CPU
		{BD56A559-F50F-4B9F-ABF3-00CA0087F547}.Release|Any CPU.Build.0 = Release|Any CPU
		{8C9F090C-5C57-4DE1-B82F-6867CAAFAAF2}.Debug|Any CPU.ActiveCfg = Debug|Any CPU
		{8C9F090C-5C57-4DE1-B82F-6867CAAFAAF2}.Debug|Any CPU.Build.0 = Debug|Any CPU
		{8C9F090C-5C57-4DE1-B82F-6867CAAFAAF2}.Release|Any CPU.ActiveCfg = Release|Any CPU
		{8C9F090C-5C57-4DE1-B82F-6867CAAFAAF2}.Release|Any CPU.Build.0 = Release|Any CPU
		{FB01C4C3-4497-4B2A-9FD3-BBE6866D7F94}.Debug|Any CPU.ActiveCfg = Debug|Any CPU
		{FB01C4C3-4497-4B2A-9FD3-BBE6866D7F94}.Debug|Any CPU.Build.0 = Debug|Any CPU
		{FB01C4C3-4497-4B2A-9FD3-BBE6866D7F94}.Release|Any CPU.ActiveCfg = Release|Any CPU
		{FB01C4C3-4497-4B2A-9FD3-BBE6866D7F94}.Release|Any CPU.Build.0 = Release|Any CPU
		{319171CD-7D2C-4D6E-9B35-E9DCFC30AA07}.Debug|Any CPU.ActiveCfg = Debug|Any CPU
		{319171CD-7D2C-4D6E-9B35-E9DCFC30AA07}.Debug|Any CPU.Build.0 = Debug|Any CPU
		{319171CD-7D2C-4D6E-9B35-E9DCFC30AA07}.Release|Any CPU.ActiveCfg = Release|Any CPU
		{319171CD-7D2C-4D6E-9B35-E9DCFC30AA07}.Release|Any CPU.Build.0 = Release|Any CPU
		{F2CB74C2-8391-46D9-9FF9-7659FD2E46DC}.Debug|Any CPU.ActiveCfg = Debug|Any CPU
		{F2CB74C2-8391-46D9-9FF9-7659FD2E46DC}.Debug|Any CPU.Build.0 = Debug|Any CPU
		{F2CB74C2-8391-46D9-9FF9-7659FD2E46DC}.Release|Any CPU.ActiveCfg = Release|Any CPU
		{F2CB74C2-8391-46D9-9FF9-7659FD2E46DC}.Release|Any CPU.Build.0 = Release|Any CPU
		{D6DFA6AA-9372-4C1A-A422-4AAD96D05993}.Debug|Any CPU.ActiveCfg = Debug|Any CPU
		{D6DFA6AA-9372-4C1A-A422-4AAD96D05993}.Debug|Any CPU.Build.0 = Debug|Any CPU
		{D6DFA6AA-9372-4C1A-A422-4AAD96D05993}.Release|Any CPU.ActiveCfg = Release|Any CPU
		{D6DFA6AA-9372-4C1A-A422-4AAD96D05993}.Release|Any CPU.Build.0 = Release|Any CPU
		{015E0E9C-96FC-4D40-811B-0024A47F096B}.Debug|Any CPU.ActiveCfg = Debug|Any CPU
		{015E0E9C-96FC-4D40-811B-0024A47F096B}.Debug|Any CPU.Build.0 = Debug|Any CPU
		{015E0E9C-96FC-4D40-811B-0024A47F096B}.Release|Any CPU.ActiveCfg = Release|Any CPU
		{015E0E9C-96FC-4D40-811B-0024A47F096B}.Release|Any CPU.Build.0 = Release|Any CPU
		{6BE2A05D-23F9-4044-99B4-1350A3077DBB}.Debug|Any CPU.ActiveCfg = Debug|Any CPU
		{6BE2A05D-23F9-4044-99B4-1350A3077DBB}.Debug|Any CPU.Build.0 = Debug|Any CPU
		{6BE2A05D-23F9-4044-99B4-1350A3077DBB}.Release|Any CPU.ActiveCfg = Release|Any CPU
		{6BE2A05D-23F9-4044-99B4-1350A3077DBB}.Release|Any CPU.Build.0 = Release|Any CPU
		{ECC30666-6F9C-411E-93FC-243030E1E108}.Debug|Any CPU.ActiveCfg = Debug|Any CPU
		{ECC30666-6F9C-411E-93FC-243030E1E108}.Debug|Any CPU.Build.0 = Debug|Any CPU
		{ECC30666-6F9C-411E-93FC-243030E1E108}.Release|Any CPU.ActiveCfg = Release|Any CPU
		{ECC30666-6F9C-411E-93FC-243030E1E108}.Release|Any CPU.Build.0 = Release|Any CPU
		{4CB000CF-8D14-4EDA-B353-31ADE8993C8A}.Debug|Any CPU.ActiveCfg = Debug|Any CPU
		{4CB000CF-8D14-4EDA-B353-31ADE8993C8A}.Debug|Any CPU.Build.0 = Debug|Any CPU
		{4CB000CF-8D14-4EDA-B353-31ADE8993C8A}.Release|Any CPU.ActiveCfg = Release|Any CPU
		{4CB000CF-8D14-4EDA-B353-31ADE8993C8A}.Release|Any CPU.Build.0 = Release|Any CPU
		{82C3DA03-1BDD-4336-9773-2F44C2E500ED}.Debug|Any CPU.ActiveCfg = Debug|Any CPU
		{82C3DA03-1BDD-4336-9773-2F44C2E500ED}.Debug|Any CPU.Build.0 = Debug|Any CPU
		{82C3DA03-1BDD-4336-9773-2F44C2E500ED}.Release|Any CPU.ActiveCfg = Release|Any CPU
		{82C3DA03-1BDD-4336-9773-2F44C2E500ED}.Release|Any CPU.Build.0 = Release|Any CPU
	EndGlobalSection
	GlobalSection(SolutionProperties) = preSolution
		HideSolutionNode = FALSE
	EndGlobalSection
	GlobalSection(NestedProjects) = preSolution
		{EB34D362-E262-44C2-90AD-C6D0696613D2} = {8D2C0C2E-0749-4297-8BF5-0B5BB982E1DD}
		{CE59883A-9E7B-490D-ACC0-116015133B3F} = {8D2C0C2E-0749-4297-8BF5-0B5BB982E1DD}
		{320555B9-2630-4B3E-BED6-488DFAD28430} = {D36E25B3-4899-4221-940A-54F1A569522D}
		{AA247056-32DD-4DA6-B454-EBB114FB11E8} = {320555B9-2630-4B3E-BED6-488DFAD28430}
		{C992ED03-BD0F-4F2D-88AF-E136240A7343} = {D36E25B3-4899-4221-940A-54F1A569522D}
		{A8AA6813-BF66-433F-9F01-79AD046DA5BD} = {C992ED03-BD0F-4F2D-88AF-E136240A7343}
		{0132CA05-B5E3-476F-968A-0FFDE7245E58} = {C992ED03-BD0F-4F2D-88AF-E136240A7343}
		{32FA60DF-2F00-435C-99C1-C13A91CDF433} = {C992ED03-BD0F-4F2D-88AF-E136240A7343}
		{F751CE90-2E61-427E-AF89-D9EB22A58ACC} = {C992ED03-BD0F-4F2D-88AF-E136240A7343}
		{200DE803-26F3-430F-908C-30B9F725D81C} = {D36E25B3-4899-4221-940A-54F1A569522D}
		{D0581026-780B-4E06-BB4C-60300DFDF4B7} = {200DE803-26F3-430F-908C-30B9F725D81C}
		{A0478C44-78B3-4E93-BC8D-8A02988007ED} = {200DE803-26F3-430F-908C-30B9F725D81C}
		{64C769F9-039E-49C3-8C33-4E1B942B968F} = {200DE803-26F3-430F-908C-30B9F725D81C}
		{A0EAF5E2-0B3A-4678-817C-233F33C4E636} = {200DE803-26F3-430F-908C-30B9F725D81C}
		{7014BFD6-FCBA-4745-AD98-62141426FAA7} = {D36E25B3-4899-4221-940A-54F1A569522D}
		{5DBDF6D0-91F4-4CE3-82CA-203ED0F846C8} = {7014BFD6-FCBA-4745-AD98-62141426FAA7}
		{4588179A-7E9C-46B4-B296-1980BFF2ECB7} = {7014BFD6-FCBA-4745-AD98-62141426FAA7}
		{15EC2A5C-3C41-42B5-A889-836A58120895} = {7014BFD6-FCBA-4745-AD98-62141426FAA7}
		{7BDBA68E-DA14-45EF-BF99-A4FC8EA3AF1C} = {7014BFD6-FCBA-4745-AD98-62141426FAA7}
		{7CF4DB72-0620-4706-A7B1-DEAFBC3C3C8E} = {D36E25B3-4899-4221-940A-54F1A569522D}
		{8D5D7637-C333-4E4B-9F12-AAC2409403C6} = {7CF4DB72-0620-4706-A7B1-DEAFBC3C3C8E}
		{7B5E0D6E-0775-46F4-8705-E086A78AC2C1} = {7CF4DB72-0620-4706-A7B1-DEAFBC3C3C8E}
		{1726A73E-C7EA-47EE-9A12-88CACBB3FD9B} = {7CF4DB72-0620-4706-A7B1-DEAFBC3C3C8E}
		{143A8E00-F993-41E3-8CC4-F61F285393A3} = {7CF4DB72-0620-4706-A7B1-DEAFBC3C3C8E}
		{06C6F7DA-18FC-452E-BFC2-DE962ACD810D} = {7CF4DB72-0620-4706-A7B1-DEAFBC3C3C8E}
		{BC7C9D32-29B2-495B-B71E-A217835F2446} = {D36E25B3-4899-4221-940A-54F1A569522D}
		{A7CF19E1-E56A-408C-8CEE-2E1FB693DB2C} = {BC7C9D32-29B2-495B-B71E-A217835F2446}
		{39F90289-FE5A-449C-9C8D-8B1F85965B34} = {D36E25B3-4899-4221-940A-54F1A569522D}
		{5AACC201-72C6-471E-A4DA-0A98EEEEDB13} = {39F90289-FE5A-449C-9C8D-8B1F85965B34}
		{D2A06741-E64A-4390-AF7F-F5EC82E1007F} = {D36E25B3-4899-4221-940A-54F1A569522D}
		{733C4B79-6414-4CF8-9E3D-5F8AA6391753} = {D2A06741-E64A-4390-AF7F-F5EC82E1007F}
		{3E240E09-5983-44D3-A251-AF2AB20BB135} = {8D2C0C2E-0749-4297-8BF5-0B5BB982E1DD}
		{448F3706-EDBC-4B58-AC69-8F13F13D9D87} = {8D2C0C2E-0749-4297-8BF5-0B5BB982E1DD}
		{AB057292-5AAB-4F80-9D29-9F858456849A} = {8D2C0C2E-0749-4297-8BF5-0B5BB982E1DD}
		{66474115-68DB-4083-A0EC-32698377C530} = {8D2C0C2E-0749-4297-8BF5-0B5BB982E1DD}
		{25737976-5AFD-491C-B06F-C5A8B008870D} = {8D2C0C2E-0749-4297-8BF5-0B5BB982E1DD}
		{EF682F99-5AF3-49BC-8D98-C237817457B2} = {8D2C0C2E-0749-4297-8BF5-0B5BB982E1DD}
		{BD56A559-F50F-4B9F-ABF3-00CA0087F547} = {EB34D362-E262-44C2-90AD-C6D0696613D2}
		{8C9F090C-5C57-4DE1-B82F-6867CAAFAAF2} = {EB34D362-E262-44C2-90AD-C6D0696613D2}
		{FB01C4C3-4497-4B2A-9FD3-BBE6866D7F94} = {EB34D362-E262-44C2-90AD-C6D0696613D2}
		{319171CD-7D2C-4D6E-9B35-E9DCFC30AA07} = {CE59883A-9E7B-490D-ACC0-116015133B3F}
		{F2CB74C2-8391-46D9-9FF9-7659FD2E46DC} = {3E240E09-5983-44D3-A251-AF2AB20BB135}
		{D6DFA6AA-9372-4C1A-A422-4AAD96D05993} = {448F3706-EDBC-4B58-AC69-8F13F13D9D87}
		{015E0E9C-96FC-4D40-811B-0024A47F096B} = {AB057292-5AAB-4F80-9D29-9F858456849A}
		{6BE2A05D-23F9-4044-99B4-1350A3077DBB} = {66474115-68DB-4083-A0EC-32698377C530}
		{ECC30666-6F9C-411E-93FC-243030E1E108} = {25737976-5AFD-491C-B06F-C5A8B008870D}
		{4CB000CF-8D14-4EDA-B353-31ADE8993C8A} = {EF682F99-5AF3-49BC-8D98-C237817457B2}
		{82C3DA03-1BDD-4336-9773-2F44C2E500ED} = {448F3706-EDBC-4B58-AC69-8F13F13D9D87}
	EndGlobalSection
	GlobalSection(ExtensibilityGlobals) = postSolution
		SolutionGuid = {76CF4071-960C-48C6-A166-D5E0BEE144F7}
	EndGlobalSection
EndGlobal
