
Microsoft Visual Studio Solution File, Format Version 12.00
# Visual Studio Version 16
VisualStudioVersion = 16.0.30717.126
MinimumVisualStudioVersion = 10.0.40219.1
Project("{FAE04EC0-301F-11D3-BF4B-00C04F79EFBC}") = "Lesson 01", "Lesson 01\Lesson 01.csproj", "{AA247056-32DD-4DA6-B454-EBB114FB11E8}"
EndProject
Project("{FAE04EC0-301F-11D3-BF4B-00C04F79EFBC}") = "Lesson 02 Month", "Lesson 02 Month\Lesson 02 Month.csproj", "{0132CA05-B5E3-476F-968A-0FFDE7245E58}"
EndProject
Project("{FAE04EC0-301F-11D3-BF4B-00C04F79EFBC}") = "Lesson 02 Even Number", "Lesson 02 Even Number\Lesson 02 Even Number.csproj", "{A8AA6813-BF66-433F-9F01-79AD046DA5BD}"
EndProject
Project("{FAE04EC0-301F-11D3-BF4B-00C04F79EFBC}") = "Lesson 02 Weather Outside", "Lesson 02 Weather Outside\Lesson 02 Weather Outside.csproj", "{F751CE90-2E61-427E-AF89-D9EB22A58ACC}"
EndProject
Project("{FAE04EC0-301F-11D3-BF4B-00C04F79EFBC}") = "Lesson 02 Temperature", "Lesson 02 Temperature\Lesson 02 Temperature.csproj", "{32FA60DF-2F00-435C-99C1-C13A91CDF433}"
EndProject
Project("{FAE04EC0-301F-11D3-BF4B-00C04F79EFBC}") = "Lesson 03 Phonebook", "Lesson 03 Phonebook\Lesson 03 Phonebook.csproj", "{A0EAF5E2-0B3A-4678-817C-233F33C4E636}"
EndProject
Project("{FAE04EC0-301F-11D3-BF4B-00C04F79EFBC}") = "Lesson 03 Backwards", "Lesson 03 Backwards\Lesson 03 Backwards.csproj", "{A0478C44-78B3-4E93-BC8D-8A02988007ED}"
EndProject
Project("{FAE04EC0-301F-11D3-BF4B-00C04F79EFBC}") = "Lesson 03 Battleship", "Lesson 03 Battleship\Lesson 03 Battleship.csproj", "{64C769F9-039E-49C3-8C33-4E1B942B968F}"
EndProject
Project("{FAE04EC0-301F-11D3-BF4B-00C04F79EFBC}") = "Lesson 03 Array Diagonal", "Lesson 03 Array Diagonal\Lesson 03 Array Diagonal.csproj", "{D0581026-780B-4E06-BB4C-60300DFDF4B7}"
EndProject
Project("{FAE04EC0-301F-11D3-BF4B-00C04F79EFBC}") = "Lesson 04 Return Concat FIO", "Lesson 04 Return Concat FIO\Lesson 04 Return Concat FIO.csproj", "{15EC2A5C-3C41-42B5-A889-836A58120895}"
EndProject
Project("{FAE04EC0-301F-11D3-BF4B-00C04F79EFBC}") = "Lesson 04 Sum Numbers", "Lesson 04 Sum Numbers\Lesson 04 Sum Numbers.csproj", "{7BDBA68E-DA14-45EF-BF99-A4FC8EA3AF1C}"
EndProject
Project("{FAE04EC0-301F-11D3-BF4B-00C04F79EFBC}") = "Lesson 04 Name Season", "Lesson 04 Name Season\Lesson 04 Name Season.csproj", "{4588179A-7E9C-46B4-B296-1980BFF2ECB7}"
EndProject
Project("{FAE04EC0-301F-11D3-BF4B-00C04F79EFBC}") = "Lesson 04 Fibonacci", "Lesson 04 Fibonacci\Lesson 04 Fibonacci.csproj", "{5DBDF6D0-91F4-4CE3-82CA-203ED0F846C8}"
EndProject
Project("{FAE04EC0-301F-11D3-BF4B-00C04F79EFBC}") = "Lesson 05 Any Text To File", "Lesson 05 Any Text To File\Lesson 05 Any Text To File.csproj", "{8D5D7637-C333-4E4B-9F12-AAC2409403C6}"
EndProject
Project("{2150E333-8FDC-42A3-9474-1A3956D46DE8}") = "Lesson 02", "Lesson 02", "{92738EB1-68CD-48BE-965F-5B55856C2B3F}"
EndProject
Project("{2150E333-8FDC-42A3-9474-1A3956D46DE8}") = "Lesson 03", "Lesson 03", "{561F59E6-015C-4947-9C67-DDFCDAB90461}"
EndProject
Project("{2150E333-8FDC-42A3-9474-1A3956D46DE8}") = "Lesson 04", "Lesson 04", "{BB86212B-E86F-4A32-B7F4-45EE970CA5C8}"
EndProject
Project("{2150E333-8FDC-42A3-9474-1A3956D46DE8}") = "Lesson 05", "Lesson 05", "{1BA0A437-9D6D-4757-A413-687F3CB243FD}"
EndProject
Project("{FAE04EC0-301F-11D3-BF4B-00C04F79EFBC}") = "Lesson 05 Numbers To Binary File", "Lesson 05 Numbers To Binary File\Lesson 05 Numbers To Binary File.csproj", "{7B5E0D6E-0775-46F4-8705-E086A78AC2C1}"
EndProject
Project("{FAE04EC0-301F-11D3-BF4B-00C04F79EFBC}") = "Lesson 05 Tree Directory Save", "Lesson 05 Tree Directory Save\Lesson 05 Tree Directory Save.csproj", "{06C6F7DA-18FC-452E-BFC2-DE962ACD810D}"
EndProject
Project("{FAE04EC0-301F-11D3-BF4B-00C04F79EFBC}") = "Lesson 05 ToDo List", "Lesson 05 ToDo List\Lesson 05 ToDo List.csproj", "{143A8E00-F993-41E3-8CC4-F61F285393A3}"
EndProject
Project("{2150E333-8FDC-42A3-9474-1A3956D46DE8}") = "Lesson 06", "Lesson 06", "{D2F1D4E0-9467-428D-A474-837239059F0C}"
EndProject
Project("{FAE04EC0-301F-11D3-BF4B-00C04F79EFBC}") = "Lesson 06 Task Manager", "Lesson 06 Task Manager\Lesson 06 Task Manager.csproj", "{A7CF19E1-E56A-408C-8CEE-2E1FB693DB2C}"
EndProject
Project("{FAE04EC0-301F-11D3-BF4B-00C04F79EFBC}") = "Lesson 05 StartUp", "Lesson 05 StartUp\Lesson 05 StartUp.csproj", "{1726A73E-C7EA-47EE-9A12-88CACBB3FD9B}"
EndProject
Project("{2150E333-8FDC-42A3-9474-1A3956D46DE8}") = "Lesson 07", "Lesson 07", "{0E9D60E2-9486-4067-85B4-1CEEA52025AD}"
EndProject
Project("{FAE04EC0-301F-11D3-BF4B-00C04F79EFBC}") = "Lesson 07 Game", "Lesson 07 Game\Lesson 07 Game.csproj", "{5AACC201-72C6-471E-A4DA-0A98EEEEDB13}"
EndProject
Global
	GlobalSection(SolutionConfigurationPlatforms) = preSolution
		Debug|Any CPU = Debug|Any CPU
		Release|Any CPU = Release|Any CPU
	EndGlobalSection
	GlobalSection(ProjectConfigurationPlatforms) = postSolution
		{AA247056-32DD-4DA6-B454-EBB114FB11E8}.Debug|Any CPU.ActiveCfg = Debug|Any CPU
		{AA247056-32DD-4DA6-B454-EBB114FB11E8}.Debug|Any CPU.Build.0 = Debug|Any CPU
		{AA247056-32DD-4DA6-B454-EBB114FB11E8}.Release|Any CPU.ActiveCfg = Release|Any CPU
		{AA247056-32DD-4DA6-B454-EBB114FB11E8}.Release|Any CPU.Build.0 = Release|Any CPU
		{0132CA05-B5E3-476F-968A-0FFDE7245E58}.Debug|Any CPU.ActiveCfg = Debug|Any CPU
		{0132CA05-B5E3-476F-968A-0FFDE7245E58}.Debug|Any CPU.Build.0 = Debug|Any CPU
		{0132CA05-B5E3-476F-968A-0FFDE7245E58}.Release|Any CPU.ActiveCfg = Release|Any CPU
		{0132CA05-B5E3-476F-968A-0FFDE7245E58}.Release|Any CPU.Build.0 = Release|Any CPU
		{A8AA6813-BF66-433F-9F01-79AD046DA5BD}.Debug|Any CPU.ActiveCfg = Debug|Any CPU
		{A8AA6813-BF66-433F-9F01-79AD046DA5BD}.Debug|Any CPU.Build.0 = Debug|Any CPU
		{A8AA6813-BF66-433F-9F01-79AD046DA5BD}.Release|Any CPU.ActiveCfg = Release|Any CPU
		{A8AA6813-BF66-433F-9F01-79AD046DA5BD}.Release|Any CPU.Build.0 = Release|Any CPU
		{F751CE90-2E61-427E-AF89-D9EB22A58ACC}.Debug|Any CPU.ActiveCfg = Debug|Any CPU
		{F751CE90-2E61-427E-AF89-D9EB22A58ACC}.Debug|Any CPU.Build.0 = Debug|Any CPU
		{F751CE90-2E61-427E-AF89-D9EB22A58ACC}.Release|Any CPU.ActiveCfg = Release|Any CPU
		{F751CE90-2E61-427E-AF89-D9EB22A58ACC}.Release|Any CPU.Build.0 = Release|Any CPU
		{32FA60DF-2F00-435C-99C1-C13A91CDF433}.Debug|Any CPU.ActiveCfg = Debug|Any CPU
		{32FA60DF-2F00-435C-99C1-C13A91CDF433}.Debug|Any CPU.Build.0 = Debug|Any CPU
		{32FA60DF-2F00-435C-99C1-C13A91CDF433}.Release|Any CPU.ActiveCfg = Release|Any CPU
		{32FA60DF-2F00-435C-99C1-C13A91CDF433}.Release|Any CPU.Build.0 = Release|Any CPU
		{A0EAF5E2-0B3A-4678-817C-233F33C4E636}.Debug|Any CPU.ActiveCfg = Debug|Any CPU
		{A0EAF5E2-0B3A-4678-817C-233F33C4E636}.Debug|Any CPU.Build.0 = Debug|Any CPU
		{A0EAF5E2-0B3A-4678-817C-233F33C4E636}.Release|Any CPU.ActiveCfg = Release|Any CPU
		{A0EAF5E2-0B3A-4678-817C-233F33C4E636}.Release|Any CPU.Build.0 = Release|Any CPU
		{A0478C44-78B3-4E93-BC8D-8A02988007ED}.Debug|Any CPU.ActiveCfg = Debug|Any CPU
		{A0478C44-78B3-4E93-BC8D-8A02988007ED}.Debug|Any CPU.Build.0 = Debug|Any CPU
		{A0478C44-78B3-4E93-BC8D-8A02988007ED}.Release|Any CPU.ActiveCfg = Release|Any CPU
		{A0478C44-78B3-4E93-BC8D-8A02988007ED}.Release|Any CPU.Build.0 = Release|Any CPU
		{64C769F9-039E-49C3-8C33-4E1B942B968F}.Debug|Any CPU.ActiveCfg = Debug|Any CPU
		{64C769F9-039E-49C3-8C33-4E1B942B968F}.Debug|Any CPU.Build.0 = Debug|Any CPU
		{64C769F9-039E-49C3-8C33-4E1B942B968F}.Release|Any CPU.ActiveCfg = Release|Any CPU
		{64C769F9-039E-49C3-8C33-4E1B942B968F}.Release|Any CPU.Build.0 = Release|Any CPU
		{D0581026-780B-4E06-BB4C-60300DFDF4B7}.Debug|Any CPU.ActiveCfg = Debug|Any CPU
		{D0581026-780B-4E06-BB4C-60300DFDF4B7}.Debug|Any CPU.Build.0 = Debug|Any CPU
		{D0581026-780B-4E06-BB4C-60300DFDF4B7}.Release|Any CPU.ActiveCfg = Release|Any CPU
		{D0581026-780B-4E06-BB4C-60300DFDF4B7}.Release|Any CPU.Build.0 = Release|Any CPU
		{15EC2A5C-3C41-42B5-A889-836A58120895}.Debug|Any CPU.ActiveCfg = Debug|Any CPU
		{15EC2A5C-3C41-42B5-A889-836A58120895}.Debug|Any CPU.Build.0 = Debug|Any CPU
		{15EC2A5C-3C41-42B5-A889-836A58120895}.Release|Any CPU.ActiveCfg = Release|Any CPU
		{15EC2A5C-3C41-42B5-A889-836A58120895}.Release|Any CPU.Build.0 = Release|Any CPU
		{7BDBA68E-DA14-45EF-BF99-A4FC8EA3AF1C}.Debug|Any CPU.ActiveCfg = Debug|Any CPU
		{7BDBA68E-DA14-45EF-BF99-A4FC8EA3AF1C}.Debug|Any CPU.Build.0 = Debug|Any CPU
		{7BDBA68E-DA14-45EF-BF99-A4FC8EA3AF1C}.Release|Any CPU.ActiveCfg = Release|Any CPU
		{7BDBA68E-DA14-45EF-BF99-A4FC8EA3AF1C}.Release|Any CPU.Build.0 = Release|Any CPU
		{4588179A-7E9C-46B4-B296-1980BFF2ECB7}.Debug|Any CPU.ActiveCfg = Debug|Any CPU
		{4588179A-7E9C-46B4-B296-1980BFF2ECB7}.Debug|Any CPU.Build.0 = Debug|Any CPU
		{4588179A-7E9C-46B4-B296-1980BFF2ECB7}.Release|Any CPU.ActiveCfg = Release|Any CPU
		{4588179A-7E9C-46B4-B296-1980BFF2ECB7}.Release|Any CPU.Build.0 = Release|Any CPU
		{5DBDF6D0-91F4-4CE3-82CA-203ED0F846C8}.Debug|Any CPU.ActiveCfg = Debug|Any CPU
		{5DBDF6D0-91F4-4CE3-82CA-203ED0F846C8}.Debug|Any CPU.Build.0 = Debug|Any CPU
		{5DBDF6D0-91F4-4CE3-82CA-203ED0F846C8}.Release|Any CPU.ActiveCfg = Release|Any CPU
		{5DBDF6D0-91F4-4CE3-82CA-203ED0F846C8}.Release|Any CPU.Build.0 = Release|Any CPU
		{8D5D7637-C333-4E4B-9F12-AAC2409403C6}.Debug|Any CPU.ActiveCfg = Debug|Any CPU
		{8D5D7637-C333-4E4B-9F12-AAC2409403C6}.Debug|Any CPU.Build.0 = Debug|Any CPU
		{8D5D7637-C333-4E4B-9F12-AAC2409403C6}.Release|Any CPU.ActiveCfg = Release|Any CPU
		{8D5D7637-C333-4E4B-9F12-AAC2409403C6}.Release|Any CPU.Build.0 = Release|Any CPU
		{7B5E0D6E-0775-46F4-8705-E086A78AC2C1}.Debug|Any CPU.ActiveCfg = Debug|Any CPU
		{7B5E0D6E-0775-46F4-8705-E086A78AC2C1}.Debug|Any CPU.Build.0 = Debug|Any CPU
		{7B5E0D6E-0775-46F4-8705-E086A78AC2C1}.Release|Any CPU.ActiveCfg = Release|Any CPU
		{7B5E0D6E-0775-46F4-8705-E086A78AC2C1}.Release|Any CPU.Build.0 = Release|Any CPU
		{06C6F7DA-18FC-452E-BFC2-DE962ACD810D}.Debug|Any CPU.ActiveCfg = Debug|Any CPU
		{06C6F7DA-18FC-452E-BFC2-DE962ACD810D}.Debug|Any CPU.Build.0 = Debug|Any CPU
		{06C6F7DA-18FC-452E-BFC2-DE962ACD810D}.Release|Any CPU.ActiveCfg = Release|Any CPU
		{06C6F7DA-18FC-452E-BFC2-DE962ACD810D}.Release|Any CPU.Build.0 = Release|Any CPU
		{143A8E00-F993-41E3-8CC4-F61F285393A3}.Debug|Any CPU.ActiveCfg = Debug|Any CPU
		{143A8E00-F993-41E3-8CC4-F61F285393A3}.Debug|Any CPU.Build.0 = Debug|Any CPU
		{143A8E00-F993-41E3-8CC4-F61F285393A3}.Release|Any CPU.ActiveCfg = Release|Any CPU
		{143A8E00-F993-41E3-8CC4-F61F285393A3}.Release|Any CPU.Build.0 = Release|Any CPU
		{A7CF19E1-E56A-408C-8CEE-2E1FB693DB2C}.Debug|Any CPU.ActiveCfg = Debug|Any CPU
		{A7CF19E1-E56A-408C-8CEE-2E1FB693DB2C}.Debug|Any CPU.Build.0 = Debug|Any CPU
		{A7CF19E1-E56A-408C-8CEE-2E1FB693DB2C}.Release|Any CPU.ActiveCfg = Release|Any CPU
		{A7CF19E1-E56A-408C-8CEE-2E1FB693DB2C}.Release|Any CPU.Build.0 = Release|Any CPU
		{1726A73E-C7EA-47EE-9A12-88CACBB3FD9B}.Debug|Any CPU.ActiveCfg = Debug|Any CPU
		{1726A73E-C7EA-47EE-9A12-88CACBB3FD9B}.Debug|Any CPU.Build.0 = Debug|Any CPU
		{1726A73E-C7EA-47EE-9A12-88CACBB3FD9B}.Release|Any CPU.ActiveCfg = Release|Any CPU
		{1726A73E-C7EA-47EE-9A12-88CACBB3FD9B}.Release|Any CPU.Build.0 = Release|Any CPU
		{5AACC201-72C6-471E-A4DA-0A98EEEEDB13}.Debug|Any CPU.ActiveCfg = Debug|Any CPU
		{5AACC201-72C6-471E-A4DA-0A98EEEEDB13}.Debug|Any CPU.Build.0 = Debug|Any CPU
		{5AACC201-72C6-471E-A4DA-0A98EEEEDB13}.Release|Any CPU.ActiveCfg = Release|Any CPU
		{5AACC201-72C6-471E-A4DA-0A98EEEEDB13}.Release|Any CPU.Build.0 = Release|Any CPU
	EndGlobalSection
	GlobalSection(SolutionProperties) = preSolution
		HideSolutionNode = FALSE
	EndGlobalSection
	GlobalSection(NestedProjects) = preSolution
		{0132CA05-B5E3-476F-968A-0FFDE7245E58} = {92738EB1-68CD-48BE-965F-5B55856C2B3F}
		{A8AA6813-BF66-433F-9F01-79AD046DA5BD} = {92738EB1-68CD-48BE-965F-5B55856C2B3F}
		{F751CE90-2E61-427E-AF89-D9EB22A58ACC} = {92738EB1-68CD-48BE-965F-5B55856C2B3F}
		{32FA60DF-2F00-435C-99C1-C13A91CDF433} = {92738EB1-68CD-48BE-965F-5B55856C2B3F}
		{A0EAF5E2-0B3A-4678-817C-233F33C4E636} = {561F59E6-015C-4947-9C67-DDFCDAB90461}
		{A0478C44-78B3-4E93-BC8D-8A02988007ED} = {561F59E6-015C-4947-9C67-DDFCDAB90461}
		{64C769F9-039E-49C3-8C33-4E1B942B968F} = {561F59E6-015C-4947-9C67-DDFCDAB90461}
		{D0581026-780B-4E06-BB4C-60300DFDF4B7} = {561F59E6-015C-4947-9C67-DDFCDAB90461}
		{15EC2A5C-3C41-42B5-A889-836A58120895} = {BB86212B-E86F-4A32-B7F4-45EE970CA5C8}
		{7BDBA68E-DA14-45EF-BF99-A4FC8EA3AF1C} = {BB86212B-E86F-4A32-B7F4-45EE970CA5C8}
		{4588179A-7E9C-46B4-B296-1980BFF2ECB7} = {BB86212B-E86F-4A32-B7F4-45EE970CA5C8}
		{5DBDF6D0-91F4-4CE3-82CA-203ED0F846C8} = {BB86212B-E86F-4A32-B7F4-45EE970CA5C8}
		{8D5D7637-C333-4E4B-9F12-AAC2409403C6} = {1BA0A437-9D6D-4757-A413-687F3CB243FD}
		{7B5E0D6E-0775-46F4-8705-E086A78AC2C1} = {1BA0A437-9D6D-4757-A413-687F3CB243FD}
		{06C6F7DA-18FC-452E-BFC2-DE962ACD810D} = {1BA0A437-9D6D-4757-A413-687F3CB243FD}
		{143A8E00-F993-41E3-8CC4-F61F285393A3} = {1BA0A437-9D6D-4757-A413-687F3CB243FD}
		{A7CF19E1-E56A-408C-8CEE-2E1FB693DB2C} = {D2F1D4E0-9467-428D-A474-837239059F0C}
		{1726A73E-C7EA-47EE-9A12-88CACBB3FD9B} = {1BA0A437-9D6D-4757-A413-687F3CB243FD}
		{5AACC201-72C6-471E-A4DA-0A98EEEEDB13} = {0E9D60E2-9486-4067-85B4-1CEEA52025AD}
	EndGlobalSection
	GlobalSection(ExtensibilityGlobals) = postSolution
		SolutionGuid = {76CF4071-960C-48C6-A166-D5E0BEE144F7}
	EndGlobalSection
EndGlobal
