
Microsoft Visual Studio Solution File, Format Version 12.00
# Visual Studio Version 16
VisualStudioVersion = 16.0.30717.126
MinimumVisualStudioVersion = 10.0.40219.1
Project("{FAE04EC0-301F-11D3-BF4B-00C04F79EFBC}") = "Lesson 01", "Lesson 01\Lesson 01.csproj", "{AA247056-32DD-4DA6-B454-EBB114FB11E8}"
EndProject
Global
	GlobalSection(SolutionConfigurationPlatforms) = preSolution
		Debug|Any CPU = Debug|Any CPU
		Release|Any CPU = Release|Any CPU
	EndGlobalSection
	GlobalSection(ProjectConfigurationPlatforms) = postSolution
		{AA247056-32DD-4DA6-B454-EBB114FB11E8}.Debug|Any CPU.ActiveCfg = Debug|Any CPU
		{AA247056-32DD-4DA6-B454-EBB114FB11E8}.Debug|Any CPU.Build.0 = Debug|Any CPU
		{AA247056-32DD-4DA6-B454-EBB114FB11E8}.Release|Any CPU.ActiveCfg = Release|Any CPU
		{AA247056-32DD-4DA6-B454-EBB114FB11E8}.Release|Any CPU.Build.0 = Release|Any CPU
	EndGlobalSection
	GlobalSection(SolutionProperties) = preSolution
		HideSolutionNode = FALSE
	EndGlobalSection
	GlobalSection(ExtensibilityGlobals) = postSolution
		SolutionGuid = {76CF4071-960C-48C6-A166-D5E0BEE144F7}
	EndGlobalSection
EndGlobal
